// !$*UTF8*$!
{
	archiveVersion = 1;
	classes = {
	};
	objectVersion = 56;
	objects = {

/* Begin PBXBuildFile section */
		D3CB8FFE2A7124AE0047BE0E /* WellConnectLiveApp.swift in Sources */ = {isa = PBXBuildFile; fileRef = D3CB8FFD2A7124AE0047BE0E /* WellConnectLiveApp.swift */; };
		D3CB90002A7124AE0047BE0E /* ContentView.swift in Sources */ = {isa = PBXBuildFile; fileRef = D3CB8FFF2A7124AE0047BE0E /* ContentView.swift */; };
		D3CB90022A7124AE0047BE0E /* Assets.xcassets in Resources */ = {isa = PBXBuildFile; fileRef = D3CB90012A7124AE0047BE0E /* Assets.xcassets */; };
		D3CB90052A7124AE0047BE0E /* Preview Assets.xcassets in Resources */ = {isa = PBXBuildFile; fileRef = D3CB90042A7124AE0047BE0E /* Preview Assets.xcassets */; };
		D3CB90072A7124AE0047BE0E /* Persistence.swift in Sources */ = {isa = PBXBuildFile; fileRef = D3CB90062A7124AE0047BE0E /* Persistence.swift */; };
		D3CB900A2A7124AE0047BE0E /* WellConnectLive.xcdatamodeld in Sources */ = {isa = PBXBuildFile; fileRef = D3CB90082A7124AE0047BE0E /* WellConnectLive.xcdatamodeld */; };
		D3CB90142A7124AF0047BE0E /* WellConnectLiveTests.swift in Sources */ = {isa = PBXBuildFile; fileRef = D3CB90132A7124AF0047BE0E /* WellConnectLiveTests.swift */; };
		D3CB901E2A7124AF0047BE0E /* WellConnectLiveUITests.swift in Sources */ = {isa = PBXBuildFile; fileRef = D3CB901D2A7124AF0047BE0E /* WellConnectLiveUITests.swift */; };
		D3CB90202A7124AF0047BE0E /* WellConnectLiveUITestsLaunchTests.swift in Sources */ = {isa = PBXBuildFile; fileRef = D3CB901F2A7124AF0047BE0E /* WellConnectLiveUITestsLaunchTests.swift */; };
		D3CB902E2A7125010047BE0E /* LoginViewModel.swift in Sources */ = {isa = PBXBuildFile; fileRef = D3CB902D2A7125010047BE0E /* LoginViewModel.swift */; };
		D3CB902F2A7125010047BE0E /* LoginViewModel.swift in Sources */ = {isa = PBXBuildFile; fileRef = D3CB902D2A7125010047BE0E /* LoginViewModel.swift */; };
		D3CB90302A7125010047BE0E /* LoginViewModel.swift in Sources */ = {isa = PBXBuildFile; fileRef = D3CB902D2A7125010047BE0E /* LoginViewModel.swift */; };
		D3CB90322A71251F0047BE0E /* LoginView.swift in Sources */ = {isa = PBXBuildFile; fileRef = D3CB90312A71251F0047BE0E /* LoginView.swift */; };
		D3CB90332A71251F0047BE0E /* LoginView.swift in Sources */ = {isa = PBXBuildFile; fileRef = D3CB90312A71251F0047BE0E /* LoginView.swift */; };
		D3CB90342A71251F0047BE0E /* LoginView.swift in Sources */ = {isa = PBXBuildFile; fileRef = D3CB90312A71251F0047BE0E /* LoginView.swift */; };
		D3CB90372A7125400047BE0E /* RegistrationView.swift in Sources */ = {isa = PBXBuildFile; fileRef = D3CB90362A7125400047BE0E /* RegistrationView.swift */; };
		D3CB90382A7125400047BE0E /* RegistrationView.swift in Sources */ = {isa = PBXBuildFile; fileRef = D3CB90362A7125400047BE0E /* RegistrationView.swift */; };
		D3CB90392A7125400047BE0E /* RegistrationView.swift in Sources */ = {isa = PBXBuildFile; fileRef = D3CB90362A7125400047BE0E /* RegistrationView.swift */; };
		D3CB903B2A71255F0047BE0E /* RegistrationViewModel.swift in Sources */ = {isa = PBXBuildFile; fileRef = D3CB903A2A71255F0047BE0E /* RegistrationViewModel.swift */; };
		D3CB903C2A71255F0047BE0E /* RegistrationViewModel.swift in Sources */ = {isa = PBXBuildFile; fileRef = D3CB903A2A71255F0047BE0E /* RegistrationViewModel.swift */; };
		D3CB903D2A71255F0047BE0E /* RegistrationViewModel.swift in Sources */ = {isa = PBXBuildFile; fileRef = D3CB903A2A71255F0047BE0E /* RegistrationViewModel.swift */; };
		D3CB90402A7125920047BE0E /* AppState.swift in Sources */ = {isa = PBXBuildFile; fileRef = D3CB903F2A7125920047BE0E /* AppState.swift */; };
		D3CB90412A7125920047BE0E /* AppState.swift in Sources */ = {isa = PBXBuildFile; fileRef = D3CB903F2A7125920047BE0E /* AppState.swift */; };
		D3CB90422A7125920047BE0E /* AppState.swift in Sources */ = {isa = PBXBuildFile; fileRef = D3CB903F2A7125920047BE0E /* AppState.swift */; };
		D3CB90442A7125A40047BE0E /* MainStateNavigation.swift in Sources */ = {isa = PBXBuildFile; fileRef = D3CB90432A7125A40047BE0E /* MainStateNavigation.swift */; };
		D3CB90452A7125A40047BE0E /* MainStateNavigation.swift in Sources */ = {isa = PBXBuildFile; fileRef = D3CB90432A7125A40047BE0E /* MainStateNavigation.swift */; };
		D3CB90462A7125A40047BE0E /* MainStateNavigation.swift in Sources */ = {isa = PBXBuildFile; fileRef = D3CB90432A7125A40047BE0E /* MainStateNavigation.swift */; };
		D3CB90492A7125C80047BE0E /* UserModel.swift in Sources */ = {isa = PBXBuildFile; fileRef = D3CB90482A7125C80047BE0E /* UserModel.swift */; };
		D3CB904A2A7125C80047BE0E /* UserModel.swift in Sources */ = {isa = PBXBuildFile; fileRef = D3CB90482A7125C80047BE0E /* UserModel.swift */; };
		D3CB904B2A7125C80047BE0E /* UserModel.swift in Sources */ = {isa = PBXBuildFile; fileRef = D3CB90482A7125C80047BE0E /* UserModel.swift */; };
		D3CB905C2A73BCB80047BE0E /* PrivacyPolicyView.swift in Sources */ = {isa = PBXBuildFile; fileRef = D3CB905B2A73BCB80047BE0E /* PrivacyPolicyView.swift */; };
		D3CB905D2A73BCB80047BE0E /* PrivacyPolicyView.swift in Sources */ = {isa = PBXBuildFile; fileRef = D3CB905B2A73BCB80047BE0E /* PrivacyPolicyView.swift */; };
		D3CB905E2A73BCB80047BE0E /* PrivacyPolicyView.swift in Sources */ = {isa = PBXBuildFile; fileRef = D3CB905B2A73BCB80047BE0E /* PrivacyPolicyView.swift */; };
		D3CB90602A73BF470047BE0E /* TermsAndConditionsView.swift in Sources */ = {isa = PBXBuildFile; fileRef = D3CB905F2A73BF470047BE0E /* TermsAndConditionsView.swift */; };
		D3CB90612A73BF470047BE0E /* TermsAndConditionsView.swift in Sources */ = {isa = PBXBuildFile; fileRef = D3CB905F2A73BF470047BE0E /* TermsAndConditionsView.swift */; };
		D3CB90622A73BF470047BE0E /* TermsAndConditionsView.swift in Sources */ = {isa = PBXBuildFile; fileRef = D3CB905F2A73BF470047BE0E /* TermsAndConditionsView.swift */; };
		D3CB90642A73BF6E0047BE0E /* PrivacyPolicyDetailsView.swift in Sources */ = {isa = PBXBuildFile; fileRef = D3CB90632A73BF6E0047BE0E /* PrivacyPolicyDetailsView.swift */; };
		D3CB90652A73BF6E0047BE0E /* PrivacyPolicyDetailsView.swift in Sources */ = {isa = PBXBuildFile; fileRef = D3CB90632A73BF6E0047BE0E /* PrivacyPolicyDetailsView.swift */; };
		D3CB90662A73BF6E0047BE0E /* PrivacyPolicyDetailsView.swift in Sources */ = {isa = PBXBuildFile; fileRef = D3CB90632A73BF6E0047BE0E /* PrivacyPolicyDetailsView.swift */; };
		D6D125B02A72BE0C00F699D5 /* GoogleService-Info.plist in Resources */ = {isa = PBXBuildFile; fileRef = D6D125AF2A72BE0C00F699D5 /* GoogleService-Info.plist */; };
		D6D125B32A72C06C00F699D5 /* FirebaseAnalytics in Frameworks */ = {isa = PBXBuildFile; productRef = D6D125B22A72C06C00F699D5 /* FirebaseAnalytics */; };
		D6D125B52A72C06C00F699D5 /* FirebaseAnalyticsOnDeviceConversion in Frameworks */ = {isa = PBXBuildFile; productRef = D6D125B42A72C06C00F699D5 /* FirebaseAnalyticsOnDeviceConversion */; };
		D6D125B72A72C06C00F699D5 /* FirebaseAnalyticsSwift in Frameworks */ = {isa = PBXBuildFile; productRef = D6D125B62A72C06C00F699D5 /* FirebaseAnalyticsSwift */; };
		D6D125B92A72C06C00F699D5 /* FirebaseAnalyticsWithoutAdIdSupport in Frameworks */ = {isa = PBXBuildFile; productRef = D6D125B82A72C06C00F699D5 /* FirebaseAnalyticsWithoutAdIdSupport */; };
		D6D125BB2A72C06C00F699D5 /* FirebaseAppCheck in Frameworks */ = {isa = PBXBuildFile; productRef = D6D125BA2A72C06C00F699D5 /* FirebaseAppCheck */; };
		D6D125BD2A72C06C00F699D5 /* FirebaseAppDistribution-Beta in Frameworks */ = {isa = PBXBuildFile; productRef = D6D125BC2A72C06C00F699D5 /* FirebaseAppDistribution-Beta */; };
		D6D125BF2A72C06C00F699D5 /* FirebaseAuth in Frameworks */ = {isa = PBXBuildFile; productRef = D6D125BE2A72C06C00F699D5 /* FirebaseAuth */; };
		D6D125C12A72C06C00F699D5 /* FirebaseCrashlytics in Frameworks */ = {isa = PBXBuildFile; productRef = D6D125C02A72C06C00F699D5 /* FirebaseCrashlytics */; };
		D6D125C32A72C06C00F699D5 /* FirebaseDatabase in Frameworks */ = {isa = PBXBuildFile; productRef = D6D125C22A72C06C00F699D5 /* FirebaseDatabase */; };
		D6D125C52A72C06C00F699D5 /* FirebaseDatabaseSwift in Frameworks */ = {isa = PBXBuildFile; productRef = D6D125C42A72C06C00F699D5 /* FirebaseDatabaseSwift */; };
		D6D125C72A72C06C00F699D5 /* FirebaseDynamicLinks in Frameworks */ = {isa = PBXBuildFile; productRef = D6D125C62A72C06C00F699D5 /* FirebaseDynamicLinks */; };
		D6D125C92A72C06C00F699D5 /* FirebaseFirestore in Frameworks */ = {isa = PBXBuildFile; productRef = D6D125C82A72C06C00F699D5 /* FirebaseFirestore */; };
		D6D125CB2A72C06C00F699D5 /* FirebaseFirestoreCombine-Community in Frameworks */ = {isa = PBXBuildFile; productRef = D6D125CA2A72C06C00F699D5 /* FirebaseFirestoreCombine-Community */; };
		D6D125CD2A72C06C00F699D5 /* FirebaseFirestoreSwift in Frameworks */ = {isa = PBXBuildFile; productRef = D6D125CC2A72C06C00F699D5 /* FirebaseFirestoreSwift */; };
		D6D125CF2A72C06C00F699D5 /* FirebaseFunctions in Frameworks */ = {isa = PBXBuildFile; productRef = D6D125CE2A72C06C00F699D5 /* FirebaseFunctions */; };
		D6D125D12A72C06C00F699D5 /* FirebaseFunctionsCombine-Community in Frameworks */ = {isa = PBXBuildFile; productRef = D6D125D02A72C06C00F699D5 /* FirebaseFunctionsCombine-Community */; };
		D6D125D32A72C06C00F699D5 /* FirebaseInAppMessaging-Beta in Frameworks */ = {isa = PBXBuildFile; productRef = D6D125D22A72C06C00F699D5 /* FirebaseInAppMessaging-Beta */; };
		D6D125D52A72C06C00F699D5 /* FirebaseInAppMessagingSwift-Beta in Frameworks */ = {isa = PBXBuildFile; productRef = D6D125D42A72C06C00F699D5 /* FirebaseInAppMessagingSwift-Beta */; };
		D6D125D72A72C06C00F699D5 /* FirebaseInstallations in Frameworks */ = {isa = PBXBuildFile; productRef = D6D125D62A72C06C00F699D5 /* FirebaseInstallations */; };
		D6D125D92A72C06C00F699D5 /* FirebaseMLModelDownloader in Frameworks */ = {isa = PBXBuildFile; productRef = D6D125D82A72C06C00F699D5 /* FirebaseMLModelDownloader */; };
		D6D125DB2A72C06C00F699D5 /* FirebaseMessaging in Frameworks */ = {isa = PBXBuildFile; productRef = D6D125DA2A72C06C00F699D5 /* FirebaseMessaging */; };
		D6D125DD2A72C06C00F699D5 /* FirebasePerformance in Frameworks */ = {isa = PBXBuildFile; productRef = D6D125DC2A72C06C00F699D5 /* FirebasePerformance */; };
		D6D125DF2A72C06C00F699D5 /* FirebaseRemoteConfig in Frameworks */ = {isa = PBXBuildFile; productRef = D6D125DE2A72C06C00F699D5 /* FirebaseRemoteConfig */; };
		D6D125E12A72C06C00F699D5 /* FirebaseRemoteConfigSwift in Frameworks */ = {isa = PBXBuildFile; productRef = D6D125E02A72C06C00F699D5 /* FirebaseRemoteConfigSwift */; };
		D6D125E32A72C06C00F699D5 /* FirebaseStorage in Frameworks */ = {isa = PBXBuildFile; productRef = D6D125E22A72C06C00F699D5 /* FirebaseStorage */; };
		D6D125E52A72C06C00F699D5 /* FirebaseStorageCombine-Community in Frameworks */ = {isa = PBXBuildFile; productRef = D6D125E42A72C06C00F699D5 /* FirebaseStorageCombine-Community */; };
/* End PBXBuildFile section */

/* Begin PBXContainerItemProxy section */
		D3CB90102A7124AF0047BE0E /* PBXContainerItemProxy */ = {
			isa = PBXContainerItemProxy;
			containerPortal = D3CB8FF22A7124AE0047BE0E /* Project object */;
			proxyType = 1;
			remoteGlobalIDString = D3CB8FF92A7124AE0047BE0E;
			remoteInfo = WellConnectLive;
		};
		D3CB901A2A7124AF0047BE0E /* PBXContainerItemProxy */ = {
			isa = PBXContainerItemProxy;
			containerPortal = D3CB8FF22A7124AE0047BE0E /* Project object */;
			proxyType = 1;
			remoteGlobalIDString = D3CB8FF92A7124AE0047BE0E;
			remoteInfo = WellConnectLive;
		};
/* End PBXContainerItemProxy section */

/* Begin PBXFileReference section */
		D3CB8FFA2A7124AE0047BE0E /* WellConnectLive.app */ = {isa = PBXFileReference; explicitFileType = wrapper.application; includeInIndex = 0; path = WellConnectLive.app; sourceTree = BUILT_PRODUCTS_DIR; };
		D3CB8FFD2A7124AE0047BE0E /* WellConnectLiveApp.swift */ = {isa = PBXFileReference; lastKnownFileType = sourcecode.swift; path = WellConnectLiveApp.swift; sourceTree = "<group>"; };
		D3CB8FFF2A7124AE0047BE0E /* ContentView.swift */ = {isa = PBXFileReference; lastKnownFileType = sourcecode.swift; path = ContentView.swift; sourceTree = "<group>"; };
		D3CB90012A7124AE0047BE0E /* Assets.xcassets */ = {isa = PBXFileReference; lastKnownFileType = folder.assetcatalog; path = Assets.xcassets; sourceTree = "<group>"; };
		D3CB90042A7124AE0047BE0E /* Preview Assets.xcassets */ = {isa = PBXFileReference; lastKnownFileType = folder.assetcatalog; path = "Preview Assets.xcassets"; sourceTree = "<group>"; };
		D3CB90062A7124AE0047BE0E /* Persistence.swift */ = {isa = PBXFileReference; lastKnownFileType = sourcecode.swift; path = Persistence.swift; sourceTree = "<group>"; };
		D3CB90092A7124AE0047BE0E /* WellConnectLive.xcdatamodel */ = {isa = PBXFileReference; lastKnownFileType = wrapper.xcdatamodel; path = WellConnectLive.xcdatamodel; sourceTree = "<group>"; };
		D3CB900F2A7124AF0047BE0E /* WellConnectLiveTests.xctest */ = {isa = PBXFileReference; explicitFileType = wrapper.cfbundle; includeInIndex = 0; path = WellConnectLiveTests.xctest; sourceTree = BUILT_PRODUCTS_DIR; };
		D3CB90132A7124AF0047BE0E /* WellConnectLiveTests.swift */ = {isa = PBXFileReference; lastKnownFileType = sourcecode.swift; path = WellConnectLiveTests.swift; sourceTree = "<group>"; };
		D3CB90192A7124AF0047BE0E /* WellConnectLiveUITests.xctest */ = {isa = PBXFileReference; explicitFileType = wrapper.cfbundle; includeInIndex = 0; path = WellConnectLiveUITests.xctest; sourceTree = BUILT_PRODUCTS_DIR; };
		D3CB901D2A7124AF0047BE0E /* WellConnectLiveUITests.swift */ = {isa = PBXFileReference; lastKnownFileType = sourcecode.swift; path = WellConnectLiveUITests.swift; sourceTree = "<group>"; };
		D3CB901F2A7124AF0047BE0E /* WellConnectLiveUITestsLaunchTests.swift */ = {isa = PBXFileReference; lastKnownFileType = sourcecode.swift; path = WellConnectLiveUITestsLaunchTests.swift; sourceTree = "<group>"; };
		D3CB902D2A7125010047BE0E /* LoginViewModel.swift */ = {isa = PBXFileReference; lastKnownFileType = sourcecode.swift; path = LoginViewModel.swift; sourceTree = "<group>"; };
		D3CB90312A71251F0047BE0E /* LoginView.swift */ = {isa = PBXFileReference; lastKnownFileType = sourcecode.swift; path = LoginView.swift; sourceTree = "<group>"; };
		D3CB90362A7125400047BE0E /* RegistrationView.swift */ = {isa = PBXFileReference; lastKnownFileType = sourcecode.swift; path = RegistrationView.swift; sourceTree = "<group>"; };
		D3CB903A2A71255F0047BE0E /* RegistrationViewModel.swift */ = {isa = PBXFileReference; lastKnownFileType = sourcecode.swift; path = RegistrationViewModel.swift; sourceTree = "<group>"; };
		D3CB903F2A7125920047BE0E /* AppState.swift */ = {isa = PBXFileReference; lastKnownFileType = sourcecode.swift; path = AppState.swift; sourceTree = "<group>"; };
		D3CB90432A7125A40047BE0E /* MainStateNavigation.swift */ = {isa = PBXFileReference; lastKnownFileType = sourcecode.swift; path = MainStateNavigation.swift; sourceTree = "<group>"; };
		D3CB90482A7125C80047BE0E /* UserModel.swift */ = {isa = PBXFileReference; lastKnownFileType = sourcecode.swift; path = UserModel.swift; sourceTree = "<group>"; };
		D3CB905B2A73BCB80047BE0E /* PrivacyPolicyView.swift */ = {isa = PBXFileReference; lastKnownFileType = sourcecode.swift; path = PrivacyPolicyView.swift; sourceTree = "<group>"; };
		D3CB905F2A73BF470047BE0E /* TermsAndConditionsView.swift */ = {isa = PBXFileReference; lastKnownFileType = sourcecode.swift; path = TermsAndConditionsView.swift; sourceTree = "<group>"; };
		D3CB90632A73BF6E0047BE0E /* PrivacyPolicyDetailsView.swift */ = {isa = PBXFileReference; lastKnownFileType = sourcecode.swift; path = PrivacyPolicyDetailsView.swift; sourceTree = "<group>"; };
		D6D125AF2A72BE0C00F699D5 /* GoogleService-Info.plist */ = {isa = PBXFileReference; fileEncoding = 4; lastKnownFileType = text.plist.xml; path = "GoogleService-Info.plist"; sourceTree = "<group>"; };
/* End PBXFileReference section */

/* Begin PBXFrameworksBuildPhase section */
		D3CB8FF72A7124AE0047BE0E /* Frameworks */ = {
			isa = PBXFrameworksBuildPhase;
			buildActionMask = 2147483647;
			files = (
				D6D125DD2A72C06C00F699D5 /* FirebasePerformance in Frameworks */,
				D6D125CB2A72C06C00F699D5 /* FirebaseFirestoreCombine-Community in Frameworks */,
				D6D125C52A72C06C00F699D5 /* FirebaseDatabaseSwift in Frameworks */,
				D6D125E32A72C06C00F699D5 /* FirebaseStorage in Frameworks */,
				D6D125C72A72C06C00F699D5 /* FirebaseDynamicLinks in Frameworks */,
				D6D125CD2A72C06C00F699D5 /* FirebaseFirestoreSwift in Frameworks */,
				D6D125B72A72C06C00F699D5 /* FirebaseAnalyticsSwift in Frameworks */,
				D6D125D32A72C06C00F699D5 /* FirebaseInAppMessaging-Beta in Frameworks */,
				D6D125B32A72C06C00F699D5 /* FirebaseAnalytics in Frameworks */,
				D6D125D92A72C06C00F699D5 /* FirebaseMLModelDownloader in Frameworks */,
				D6D125E12A72C06C00F699D5 /* FirebaseRemoteConfigSwift in Frameworks */,
				D6D125B52A72C06C00F699D5 /* FirebaseAnalyticsOnDeviceConversion in Frameworks */,
				D6D125DB2A72C06C00F699D5 /* FirebaseMessaging in Frameworks */,
				D6D125D72A72C06C00F699D5 /* FirebaseInstallations in Frameworks */,
				D6D125D12A72C06C00F699D5 /* FirebaseFunctionsCombine-Community in Frameworks */,
				D6D125C92A72C06C00F699D5 /* FirebaseFirestore in Frameworks */,
				D6D125E52A72C06C00F699D5 /* FirebaseStorageCombine-Community in Frameworks */,
				D6D125BB2A72C06C00F699D5 /* FirebaseAppCheck in Frameworks */,
				D6D125B92A72C06C00F699D5 /* FirebaseAnalyticsWithoutAdIdSupport in Frameworks */,
				D6D125C12A72C06C00F699D5 /* FirebaseCrashlytics in Frameworks */,
				D6D125C32A72C06C00F699D5 /* FirebaseDatabase in Frameworks */,
				D6D125DF2A72C06C00F699D5 /* FirebaseRemoteConfig in Frameworks */,
				D6D125CF2A72C06C00F699D5 /* FirebaseFunctions in Frameworks */,
				D6D125BF2A72C06C00F699D5 /* FirebaseAuth in Frameworks */,
				D6D125D52A72C06C00F699D5 /* FirebaseInAppMessagingSwift-Beta in Frameworks */,
				D6D125BD2A72C06C00F699D5 /* FirebaseAppDistribution-Beta in Frameworks */,
			);
			runOnlyForDeploymentPostprocessing = 0;
		};
		D3CB900C2A7124AF0047BE0E /* Frameworks */ = {
			isa = PBXFrameworksBuildPhase;
			buildActionMask = 2147483647;
			files = (
			);
			runOnlyForDeploymentPostprocessing = 0;
		};
		D3CB90162A7124AF0047BE0E /* Frameworks */ = {
			isa = PBXFrameworksBuildPhase;
			buildActionMask = 2147483647;
			files = (
			);
			runOnlyForDeploymentPostprocessing = 0;
		};
/* End PBXFrameworksBuildPhase section */

/* Begin PBXGroup section */
		D3CB8FF12A7124AE0047BE0E = {
			isa = PBXGroup;
			children = (
				D3CB8FFC2A7124AE0047BE0E /* WellConnectLive */,
				D3CB90122A7124AF0047BE0E /* WellConnectLiveTests */,
				D3CB901C2A7124AF0047BE0E /* WellConnectLiveUITests */,
				D3CB8FFB2A7124AE0047BE0E /* Products */,
			);
			sourceTree = "<group>";
		};
		D3CB8FFB2A7124AE0047BE0E /* Products */ = {
			isa = PBXGroup;
			children = (
				D3CB8FFA2A7124AE0047BE0E /* WellConnectLive.app */,
				D3CB900F2A7124AF0047BE0E /* WellConnectLiveTests.xctest */,
				D3CB90192A7124AF0047BE0E /* WellConnectLiveUITests.xctest */,
			);
			name = Products;
			sourceTree = "<group>";
		};
		D3CB8FFC2A7124AE0047BE0E /* WellConnectLive */ = {
			isa = PBXGroup;
			children = (
				D3CB905A2A73BC850047BE0E /* AvisoLegalCondiones */,
				D3CB90472A7125B90047BE0E /* UserModel */,
				D3CB903E2A7125710047BE0E /* AppState */,
				D3CB90352A71252D0047BE0E /* Registration */,
				D3CB902C2A7124D80047BE0E /* Login */,
				D3CB8FFD2A7124AE0047BE0E /* WellConnectLiveApp.swift */,
				D3CB8FFF2A7124AE0047BE0E /* ContentView.swift */,
				D6D125AF2A72BE0C00F699D5 /* GoogleService-Info.plist */,
				D3CB90012A7124AE0047BE0E /* Assets.xcassets */,
				D3CB90062A7124AE0047BE0E /* Persistence.swift */,
				D3CB90082A7124AE0047BE0E /* WellConnectLive.xcdatamodeld */,
				D3CB90032A7124AE0047BE0E /* Preview Content */,
			);
			path = WellConnectLive;
			sourceTree = "<group>";
		};
		D3CB90032A7124AE0047BE0E /* Preview Content */ = {
			isa = PBXGroup;
			children = (
				D3CB90042A7124AE0047BE0E /* Preview Assets.xcassets */,
			);
			path = "Preview Content";
			sourceTree = "<group>";
		};
		D3CB90122A7124AF0047BE0E /* WellConnectLiveTests */ = {
			isa = PBXGroup;
			children = (
				D3CB90132A7124AF0047BE0E /* WellConnectLiveTests.swift */,
			);
			path = WellConnectLiveTests;
			sourceTree = "<group>";
		};
		D3CB901C2A7124AF0047BE0E /* WellConnectLiveUITests */ = {
			isa = PBXGroup;
			children = (
				D3CB901D2A7124AF0047BE0E /* WellConnectLiveUITests.swift */,
				D3CB901F2A7124AF0047BE0E /* WellConnectLiveUITestsLaunchTests.swift */,
			);
			path = WellConnectLiveUITests;
			sourceTree = "<group>";
		};
		D3CB902C2A7124D80047BE0E /* Login */ = {
			isa = PBXGroup;
			children = (
				D3CB902D2A7125010047BE0E /* LoginViewModel.swift */,
				D3CB90312A71251F0047BE0E /* LoginView.swift */,
			);
			path = Login;
			sourceTree = "<group>";
		};
		D3CB90352A71252D0047BE0E /* Registration */ = {
			isa = PBXGroup;
			children = (
				D3CB90362A7125400047BE0E /* RegistrationView.swift */,
				D3CB903A2A71255F0047BE0E /* RegistrationViewModel.swift */,
			);
			path = Registration;
			sourceTree = "<group>";
		};
		D3CB903E2A7125710047BE0E /* AppState */ = {
			isa = PBXGroup;
			children = (
				D3CB903F2A7125920047BE0E /* AppState.swift */,
				D3CB90432A7125A40047BE0E /* MainStateNavigation.swift */,
			);
			path = AppState;
			sourceTree = "<group>";
		};
		D3CB90472A7125B90047BE0E /* UserModel */ = {
			isa = PBXGroup;
			children = (
				D3CB90482A7125C80047BE0E /* UserModel.swift */,
			);
			path = UserModel;
			sourceTree = "<group>";
		};
		D3CB905A2A73BC850047BE0E /* AvisoLegalCondiones */ = {
			isa = PBXGroup;
			children = (
				D3CB905B2A73BCB80047BE0E /* PrivacyPolicyView.swift */,
				D3CB905F2A73BF470047BE0E /* TermsAndConditionsView.swift */,
				D3CB90632A73BF6E0047BE0E /* PrivacyPolicyDetailsView.swift */,
			);
			path = AvisoLegalCondiones;
			sourceTree = "<group>";
		};
/* End PBXGroup section */

/* Begin PBXNativeTarget section */
		D3CB8FF92A7124AE0047BE0E /* WellConnectLive */ = {
			isa = PBXNativeTarget;
			buildConfigurationList = D3CB90232A7124AF0047BE0E /* Build configuration list for PBXNativeTarget "WellConnectLive" */;
			buildPhases = (
				D3CB8FF62A7124AE0047BE0E /* Sources */,
				D3CB8FF72A7124AE0047BE0E /* Frameworks */,
				D3CB8FF82A7124AE0047BE0E /* Resources */,
			);
			buildRules = (
			);
			dependencies = (
			);
			name = WellConnectLive;
			packageProductDependencies = (
				D6D125B22A72C06C00F699D5 /* FirebaseAnalytics */,
				D6D125B42A72C06C00F699D5 /* FirebaseAnalyticsOnDeviceConversion */,
				D6D125B62A72C06C00F699D5 /* FirebaseAnalyticsSwift */,
				D6D125B82A72C06C00F699D5 /* FirebaseAnalyticsWithoutAdIdSupport */,
				D6D125BA2A72C06C00F699D5 /* FirebaseAppCheck */,
				D6D125BC2A72C06C00F699D5 /* FirebaseAppDistribution-Beta */,
				D6D125BE2A72C06C00F699D5 /* FirebaseAuth */,
				D6D125C02A72C06C00F699D5 /* FirebaseCrashlytics */,
				D6D125C22A72C06C00F699D5 /* FirebaseDatabase */,
				D6D125C42A72C06C00F699D5 /* FirebaseDatabaseSwift */,
				D6D125C62A72C06C00F699D5 /* FirebaseDynamicLinks */,
				D6D125C82A72C06C00F699D5 /* FirebaseFirestore */,
				D6D125CA2A72C06C00F699D5 /* FirebaseFirestoreCombine-Community */,
				D6D125CC2A72C06C00F699D5 /* FirebaseFirestoreSwift */,
				D6D125CE2A72C06C00F699D5 /* FirebaseFunctions */,
				D6D125D02A72C06C00F699D5 /* FirebaseFunctionsCombine-Community */,
				D6D125D22A72C06C00F699D5 /* FirebaseInAppMessaging-Beta */,
				D6D125D42A72C06C00F699D5 /* FirebaseInAppMessagingSwift-Beta */,
				D6D125D62A72C06C00F699D5 /* FirebaseInstallations */,
				D6D125D82A72C06C00F699D5 /* FirebaseMLModelDownloader */,
				D6D125DA2A72C06C00F699D5 /* FirebaseMessaging */,
				D6D125DC2A72C06C00F699D5 /* FirebasePerformance */,
				D6D125DE2A72C06C00F699D5 /* FirebaseRemoteConfig */,
				D6D125E02A72C06C00F699D5 /* FirebaseRemoteConfigSwift */,
				D6D125E22A72C06C00F699D5 /* FirebaseStorage */,
				D6D125E42A72C06C00F699D5 /* FirebaseStorageCombine-Community */,
			);
			productName = WellConnectLive;
			productReference = D3CB8FFA2A7124AE0047BE0E /* WellConnectLive.app */;
			productType = "com.apple.product-type.application";
		};
		D3CB900E2A7124AF0047BE0E /* WellConnectLiveTests */ = {
			isa = PBXNativeTarget;
			buildConfigurationList = D3CB90262A7124AF0047BE0E /* Build configuration list for PBXNativeTarget "WellConnectLiveTests" */;
			buildPhases = (
				D3CB900B2A7124AF0047BE0E /* Sources */,
				D3CB900C2A7124AF0047BE0E /* Frameworks */,
				D3CB900D2A7124AF0047BE0E /* Resources */,
			);
			buildRules = (
			);
			dependencies = (
				D3CB90112A7124AF0047BE0E /* PBXTargetDependency */,
			);
			name = WellConnectLiveTests;
			productName = WellConnectLiveTests;
			productReference = D3CB900F2A7124AF0047BE0E /* WellConnectLiveTests.xctest */;
			productType = "com.apple.product-type.bundle.unit-test";
		};
		D3CB90182A7124AF0047BE0E /* WellConnectLiveUITests */ = {
			isa = PBXNativeTarget;
			buildConfigurationList = D3CB90292A7124AF0047BE0E /* Build configuration list for PBXNativeTarget "WellConnectLiveUITests" */;
			buildPhases = (
				D3CB90152A7124AF0047BE0E /* Sources */,
				D3CB90162A7124AF0047BE0E /* Frameworks */,
				D3CB90172A7124AF0047BE0E /* Resources */,
			);
			buildRules = (
			);
			dependencies = (
				D3CB901B2A7124AF0047BE0E /* PBXTargetDependency */,
			);
			name = WellConnectLiveUITests;
			productName = WellConnectLiveUITests;
			productReference = D3CB90192A7124AF0047BE0E /* WellConnectLiveUITests.xctest */;
			productType = "com.apple.product-type.bundle.ui-testing";
		};
/* End PBXNativeTarget section */

/* Begin PBXProject section */
		D3CB8FF22A7124AE0047BE0E /* Project object */ = {
			isa = PBXProject;
			attributes = {
				BuildIndependentTargetsInParallel = 1;
				LastSwiftUpdateCheck = 1420;
				LastUpgradeCheck = 1420;
				TargetAttributes = {
					D3CB8FF92A7124AE0047BE0E = {
						CreatedOnToolsVersion = 14.2;
					};
					D3CB900E2A7124AF0047BE0E = {
						CreatedOnToolsVersion = 14.2;
						TestTargetID = D3CB8FF92A7124AE0047BE0E;
					};
					D3CB90182A7124AF0047BE0E = {
						CreatedOnToolsVersion = 14.2;
						TestTargetID = D3CB8FF92A7124AE0047BE0E;
					};
				};
			};
			buildConfigurationList = D3CB8FF52A7124AE0047BE0E /* Build configuration list for PBXProject "WellConnectLive" */;
			compatibilityVersion = "Xcode 14.0";
			developmentRegion = en;
			hasScannedForEncodings = 0;
			knownRegions = (
				en,
				Base,
			);
			mainGroup = D3CB8FF12A7124AE0047BE0E;
			packageReferences = (
				D6D125B12A72C06C00F699D5 /* XCRemoteSwiftPackageReference "firebase-ios-sdk" */,
			);
			productRefGroup = D3CB8FFB2A7124AE0047BE0E /* Products */;
			projectDirPath = "";
			projectRoot = "";
			targets = (
				D3CB8FF92A7124AE0047BE0E /* WellConnectLive */,
				D3CB900E2A7124AF0047BE0E /* WellConnectLiveTests */,
				D3CB90182A7124AF0047BE0E /* WellConnectLiveUITests */,
			);
		};
/* End PBXProject section */

/* Begin PBXResourcesBuildPhase section */
		D3CB8FF82A7124AE0047BE0E /* Resources */ = {
			isa = PBXResourcesBuildPhase;
			buildActionMask = 2147483647;
			files = (
				D3CB90052A7124AE0047BE0E /* Preview Assets.xcassets in Resources */,
				D3CB90022A7124AE0047BE0E /* Assets.xcassets in Resources */,
				D6D125B02A72BE0C00F699D5 /* GoogleService-Info.plist in Resources */,
			);
			runOnlyForDeploymentPostprocessing = 0;
		};
		D3CB900D2A7124AF0047BE0E /* Resources */ = {
			isa = PBXResourcesBuildPhase;
			buildActionMask = 2147483647;
			files = (
			);
			runOnlyForDeploymentPostprocessing = 0;
		};
		D3CB90172A7124AF0047BE0E /* Resources */ = {
			isa = PBXResourcesBuildPhase;
			buildActionMask = 2147483647;
			files = (
			);
			runOnlyForDeploymentPostprocessing = 0;
		};
/* End PBXResourcesBuildPhase section */

/* Begin PBXSourcesBuildPhase section */
		D3CB8FF62A7124AE0047BE0E /* Sources */ = {
			isa = PBXSourcesBuildPhase;
			buildActionMask = 2147483647;
			files = (
				D3CB90322A71251F0047BE0E /* LoginView.swift in Sources */,
				D3CB90072A7124AE0047BE0E /* Persistence.swift in Sources */,
				D3CB90002A7124AE0047BE0E /* ContentView.swift in Sources */,
				D3CB905C2A73BCB80047BE0E /* PrivacyPolicyView.swift in Sources */,
				D3CB90642A73BF6E0047BE0E /* PrivacyPolicyDetailsView.swift in Sources */,
				D3CB90402A7125920047BE0E /* AppState.swift in Sources */,
				D3CB90442A7125A40047BE0E /* MainStateNavigation.swift in Sources */,
				D3CB90372A7125400047BE0E /* RegistrationView.swift in Sources */,
				D3CB90602A73BF470047BE0E /* TermsAndConditionsView.swift in Sources */,
				D3CB900A2A7124AE0047BE0E /* WellConnectLive.xcdatamodeld in Sources */,
				D3CB903B2A71255F0047BE0E /* RegistrationViewModel.swift in Sources */,
				D3CB902E2A7125010047BE0E /* LoginViewModel.swift in Sources */,
				D3CB8FFE2A7124AE0047BE0E /* WellConnectLiveApp.swift in Sources */,
				D3CB90492A7125C80047BE0E /* UserModel.swift in Sources */,
			);
			runOnlyForDeploymentPostprocessing = 0;
		};
		D3CB900B2A7124AF0047BE0E /* Sources */ = {
			isa = PBXSourcesBuildPhase;
			buildActionMask = 2147483647;
			files = (
				D3CB903C2A71255F0047BE0E /* RegistrationViewModel.swift in Sources */,
				D3CB90452A7125A40047BE0E /* MainStateNavigation.swift in Sources */,
				D3CB904A2A7125C80047BE0E /* UserModel.swift in Sources */,
				D3CB905D2A73BCB80047BE0E /* PrivacyPolicyView.swift in Sources */,
				D3CB90612A73BF470047BE0E /* TermsAndConditionsView.swift in Sources */,
				D3CB90332A71251F0047BE0E /* LoginView.swift in Sources */,
				D3CB902F2A7125010047BE0E /* LoginViewModel.swift in Sources */,
				D3CB90652A73BF6E0047BE0E /* PrivacyPolicyDetailsView.swift in Sources */,
				D3CB90412A7125920047BE0E /* AppState.swift in Sources */,
				D3CB90142A7124AF0047BE0E /* WellConnectLiveTests.swift in Sources */,
				D3CB90382A7125400047BE0E /* RegistrationView.swift in Sources */,
			);
			runOnlyForDeploymentPostprocessing = 0;
		};
		D3CB90152A7124AF0047BE0E /* Sources */ = {
			isa = PBXSourcesBuildPhase;
			buildActionMask = 2147483647;
			files = (
				D3CB90662A73BF6E0047BE0E /* PrivacyPolicyDetailsView.swift in Sources */,
				D3CB901E2A7124AF0047BE0E /* WellConnectLiveUITests.swift in Sources */,
				D3CB903D2A71255F0047BE0E /* RegistrationViewModel.swift in Sources */,
				D3CB90622A73BF470047BE0E /* TermsAndConditionsView.swift in Sources */,
				D3CB90462A7125A40047BE0E /* MainStateNavigation.swift in Sources */,
				D3CB905E2A73BCB80047BE0E /* PrivacyPolicyView.swift in Sources */,
				D3CB90422A7125920047BE0E /* AppState.swift in Sources */,
				D3CB90202A7124AF0047BE0E /* WellConnectLiveUITestsLaunchTests.swift in Sources */,
				D3CB90342A71251F0047BE0E /* LoginView.swift in Sources */,
				D3CB90302A7125010047BE0E /* LoginViewModel.swift in Sources */,
				D3CB904B2A7125C80047BE0E /* UserModel.swift in Sources */,
				D3CB90392A7125400047BE0E /* RegistrationView.swift in Sources */,
			);
			runOnlyForDeploymentPostprocessing = 0;
		};
/* End PBXSourcesBuildPhase section */

/* Begin PBXTargetDependency section */
		D3CB90112A7124AF0047BE0E /* PBXTargetDependency */ = {
			isa = PBXTargetDependency;
			target = D3CB8FF92A7124AE0047BE0E /* WellConnectLive */;
			targetProxy = D3CB90102A7124AF0047BE0E /* PBXContainerItemProxy */;
		};
		D3CB901B2A7124AF0047BE0E /* PBXTargetDependency */ = {
			isa = PBXTargetDependency;
			target = D3CB8FF92A7124AE0047BE0E /* WellConnectLive */;
			targetProxy = D3CB901A2A7124AF0047BE0E /* PBXContainerItemProxy */;
		};
/* End PBXTargetDependency section */

/* Begin XCBuildConfiguration section */
		D3CB90212A7124AF0047BE0E /* Debug */ = {
			isa = XCBuildConfiguration;
			buildSettings = {
				ALWAYS_SEARCH_USER_PATHS = NO;
				CLANG_ANALYZER_NONNULL = YES;
				CLANG_ANALYZER_NUMBER_OBJECT_CONVERSION = YES_AGGRESSIVE;
				CLANG_CXX_LANGUAGE_STANDARD = "gnu++20";
				CLANG_ENABLE_MODULES = YES;
				CLANG_ENABLE_OBJC_ARC = YES;
				CLANG_ENABLE_OBJC_WEAK = YES;
				CLANG_WARN_BLOCK_CAPTURE_AUTORELEASING = YES;
				CLANG_WARN_BOOL_CONVERSION = YES;
				CLANG_WARN_COMMA = YES;
				CLANG_WARN_CONSTANT_CONVERSION = YES;
				CLANG_WARN_DEPRECATED_OBJC_IMPLEMENTATIONS = YES;
				CLANG_WARN_DIRECT_OBJC_ISA_USAGE = YES_ERROR;
				CLANG_WARN_DOCUMENTATION_COMMENTS = YES;
				CLANG_WARN_EMPTY_BODY = YES;
				CLANG_WARN_ENUM_CONVERSION = YES;
				CLANG_WARN_INFINITE_RECURSION = YES;
				CLANG_WARN_INT_CONVERSION = YES;
				CLANG_WARN_NON_LITERAL_NULL_CONVERSION = YES;
				CLANG_WARN_OBJC_IMPLICIT_RETAIN_SELF = YES;
				CLANG_WARN_OBJC_LITERAL_CONVERSION = YES;
				CLANG_WARN_OBJC_ROOT_CLASS = YES_ERROR;
				CLANG_WARN_QUOTED_INCLUDE_IN_FRAMEWORK_HEADER = YES;
				CLANG_WARN_RANGE_LOOP_ANALYSIS = YES;
				CLANG_WARN_STRICT_PROTOTYPES = YES;
				CLANG_WARN_SUSPICIOUS_MOVE = YES;
				CLANG_WARN_UNGUARDED_AVAILABILITY = YES_AGGRESSIVE;
				CLANG_WARN_UNREACHABLE_CODE = YES;
				CLANG_WARN__DUPLICATE_METHOD_MATCH = YES;
				COPY_PHASE_STRIP = NO;
				DEBUG_INFORMATION_FORMAT = dwarf;
				ENABLE_STRICT_OBJC_MSGSEND = YES;
				ENABLE_TESTABILITY = YES;
				GCC_C_LANGUAGE_STANDARD = gnu11;
				GCC_DYNAMIC_NO_PIC = NO;
				GCC_NO_COMMON_BLOCKS = YES;
				GCC_OPTIMIZATION_LEVEL = 0;
				GCC_PREPROCESSOR_DEFINITIONS = (
					"DEBUG=1",
					"$(inherited)",
				);
				GCC_WARN_64_TO_32_BIT_CONVERSION = YES;
				GCC_WARN_ABOUT_RETURN_TYPE = YES_ERROR;
				GCC_WARN_UNDECLARED_SELECTOR = YES;
				GCC_WARN_UNINITIALIZED_AUTOS = YES_AGGRESSIVE;
				GCC_WARN_UNUSED_FUNCTION = YES;
				GCC_WARN_UNUSED_VARIABLE = YES;
				IPHONEOS_DEPLOYMENT_TARGET = 16.2;
				MTL_ENABLE_DEBUG_INFO = INCLUDE_SOURCE;
				MTL_FAST_MATH = YES;
				ONLY_ACTIVE_ARCH = YES;
				SDKROOT = iphoneos;
				SWIFT_ACTIVE_COMPILATION_CONDITIONS = DEBUG;
				SWIFT_OPTIMIZATION_LEVEL = "-Onone";
			};
			name = Debug;
		};
		D3CB90222A7124AF0047BE0E /* Release */ = {
			isa = XCBuildConfiguration;
			buildSettings = {
				ALWAYS_SEARCH_USER_PATHS = NO;
				CLANG_ANALYZER_NONNULL = YES;
				CLANG_ANALYZER_NUMBER_OBJECT_CONVERSION = YES_AGGRESSIVE;
				CLANG_CXX_LANGUAGE_STANDARD = "gnu++20";
				CLANG_ENABLE_MODULES = YES;
				CLANG_ENABLE_OBJC_ARC = YES;
				CLANG_ENABLE_OBJC_WEAK = YES;
				CLANG_WARN_BLOCK_CAPTURE_AUTORELEASING = YES;
				CLANG_WARN_BOOL_CONVERSION = YES;
				CLANG_WARN_COMMA = YES;
				CLANG_WARN_CONSTANT_CONVERSION = YES;
				CLANG_WARN_DEPRECATED_OBJC_IMPLEMENTATIONS = YES;
				CLANG_WARN_DIRECT_OBJC_ISA_USAGE = YES_ERROR;
				CLANG_WARN_DOCUMENTATION_COMMENTS = YES;
				CLANG_WARN_EMPTY_BODY = YES;
				CLANG_WARN_ENUM_CONVERSION = YES;
				CLANG_WARN_INFINITE_RECURSION = YES;
				CLANG_WARN_INT_CONVERSION = YES;
				CLANG_WARN_NON_LITERAL_NULL_CONVERSION = YES;
				CLANG_WARN_OBJC_IMPLICIT_RETAIN_SELF = YES;
				CLANG_WARN_OBJC_LITERAL_CONVERSION = YES;
				CLANG_WARN_OBJC_ROOT_CLASS = YES_ERROR;
				CLANG_WARN_QUOTED_INCLUDE_IN_FRAMEWORK_HEADER = YES;
				CLANG_WARN_RANGE_LOOP_ANALYSIS = YES;
				CLANG_WARN_STRICT_PROTOTYPES = YES;
				CLANG_WARN_SUSPICIOUS_MOVE = YES;
				CLANG_WARN_UNGUARDED_AVAILABILITY = YES_AGGRESSIVE;
				CLANG_WARN_UNREACHABLE_CODE = YES;
				CLANG_WARN__DUPLICATE_METHOD_MATCH = YES;
				COPY_PHASE_STRIP = NO;
				DEBUG_INFORMATION_FORMAT = "dwarf-with-dsym";
				ENABLE_NS_ASSERTIONS = NO;
				ENABLE_STRICT_OBJC_MSGSEND = YES;
				GCC_C_LANGUAGE_STANDARD = gnu11;
				GCC_NO_COMMON_BLOCKS = YES;
				GCC_WARN_64_TO_32_BIT_CONVERSION = YES;
				GCC_WARN_ABOUT_RETURN_TYPE = YES_ERROR;
				GCC_WARN_UNDECLARED_SELECTOR = YES;
				GCC_WARN_UNINITIALIZED_AUTOS = YES_AGGRESSIVE;
				GCC_WARN_UNUSED_FUNCTION = YES;
				GCC_WARN_UNUSED_VARIABLE = YES;
				IPHONEOS_DEPLOYMENT_TARGET = 16.2;
				MTL_ENABLE_DEBUG_INFO = NO;
				MTL_FAST_MATH = YES;
				SDKROOT = iphoneos;
				SWIFT_COMPILATION_MODE = wholemodule;
				SWIFT_OPTIMIZATION_LEVEL = "-O";
				VALIDATE_PRODUCT = YES;
			};
			name = Release;
		};
		D3CB90242A7124AF0047BE0E /* Debug */ = {
			isa = XCBuildConfiguration;
			buildSettings = {
				ASSETCATALOG_COMPILER_APPICON_NAME = AppIcon;
				ASSETCATALOG_COMPILER_GLOBAL_ACCENT_COLOR_NAME = AccentColor;
				CODE_SIGN_STYLE = Automatic;
				CURRENT_PROJECT_VERSION = 1;
				DEVELOPMENT_ASSET_PATHS = "\"WellConnectLive/Preview Content\"";
				DEVELOPMENT_TEAM = "";
				ENABLE_PREVIEWS = YES;
				GENERATE_INFOPLIST_FILE = YES;
				INFOPLIST_KEY_UIApplicationSceneManifest_Generation = YES;
				INFOPLIST_KEY_UIApplicationSupportsIndirectInputEvents = YES;
				INFOPLIST_KEY_UILaunchScreen_Generation = YES;
				INFOPLIST_KEY_UISupportedInterfaceOrientations_iPad = "UIInterfaceOrientationPortrait UIInterfaceOrientationPortraitUpsideDown UIInterfaceOrientationLandscapeLeft UIInterfaceOrientationLandscapeRight";
				INFOPLIST_KEY_UISupportedInterfaceOrientations_iPhone = "UIInterfaceOrientationPortrait UIInterfaceOrientationLandscapeLeft UIInterfaceOrientationLandscapeRight";
				LD_RUNPATH_SEARCH_PATHS = (
					"$(inherited)",
					"@executable_path/Frameworks",
				);
				MARKETING_VERSION = 1.0;
				PRODUCT_BUNDLE_IDENTIFIER = "io.WellConnect.wellconnect-live";
				PRODUCT_NAME = "$(TARGET_NAME)";
				SWIFT_EMIT_LOC_STRINGS = YES;
				SWIFT_VERSION = 5.0;
				TARGETED_DEVICE_FAMILY = "1,2";
			};
			name = Debug;
		};
		D3CB90252A7124AF0047BE0E /* Release */ = {
			isa = XCBuildConfiguration;
			buildSettings = {
				ASSETCATALOG_COMPILER_APPICON_NAME = AppIcon;
				ASSETCATALOG_COMPILER_GLOBAL_ACCENT_COLOR_NAME = AccentColor;
				CODE_SIGN_STYLE = Automatic;
				CURRENT_PROJECT_VERSION = 1;
				DEVELOPMENT_ASSET_PATHS = "\"WellConnectLive/Preview Content\"";
				DEVELOPMENT_TEAM = "";
				ENABLE_PREVIEWS = YES;
				GENERATE_INFOPLIST_FILE = YES;
				INFOPLIST_KEY_UIApplicationSceneManifest_Generation = YES;
				INFOPLIST_KEY_UIApplicationSupportsIndirectInputEvents = YES;
				INFOPLIST_KEY_UILaunchScreen_Generation = YES;
				INFOPLIST_KEY_UISupportedInterfaceOrientations_iPad = "UIInterfaceOrientationPortrait UIInterfaceOrientationPortraitUpsideDown UIInterfaceOrientationLandscapeLeft UIInterfaceOrientationLandscapeRight";
				INFOPLIST_KEY_UISupportedInterfaceOrientations_iPhone = "UIInterfaceOrientationPortrait UIInterfaceOrientationLandscapeLeft UIInterfaceOrientationLandscapeRight";
				LD_RUNPATH_SEARCH_PATHS = (
					"$(inherited)",
					"@executable_path/Frameworks",
				);
				MARKETING_VERSION = 1.0;
				PRODUCT_BUNDLE_IDENTIFIER = "io.WellConnect.wellconnect-live";
				PRODUCT_NAME = "$(TARGET_NAME)";
				SWIFT_EMIT_LOC_STRINGS = YES;
				SWIFT_VERSION = 5.0;
				TARGETED_DEVICE_FAMILY = "1,2";
			};
			name = Release;
		};
		D3CB90272A7124AF0047BE0E /* Debug */ = {
			isa = XCBuildConfiguration;
			buildSettings = {
				ALWAYS_EMBED_SWIFT_STANDARD_LIBRARIES = YES;
				BUNDLE_LOADER = "$(TEST_HOST)";
				CODE_SIGN_STYLE = Automatic;
				CURRENT_PROJECT_VERSION = 1;
				GENERATE_INFOPLIST_FILE = YES;
				IPHONEOS_DEPLOYMENT_TARGET = 16.2;
				MARKETING_VERSION = 1.0;
				PRODUCT_BUNDLE_IDENTIFIER = MarkelJM.WellConnectLiveTests;
				PRODUCT_NAME = "$(TARGET_NAME)";
				SWIFT_EMIT_LOC_STRINGS = NO;
				SWIFT_VERSION = 5.0;
				TARGETED_DEVICE_FAMILY = "1,2";
				TEST_HOST = "$(BUILT_PRODUCTS_DIR)/WellConnectLive.app/$(BUNDLE_EXECUTABLE_FOLDER_PATH)/WellConnectLive";
			};
			name = Debug;
		};
		D3CB90282A7124AF0047BE0E /* Release */ = {
			isa = XCBuildConfiguration;
			buildSettings = {
				ALWAYS_EMBED_SWIFT_STANDARD_LIBRARIES = YES;
				BUNDLE_LOADER = "$(TEST_HOST)";
				CODE_SIGN_STYLE = Automatic;
				CURRENT_PROJECT_VERSION = 1;
				GENERATE_INFOPLIST_FILE = YES;
				IPHONEOS_DEPLOYMENT_TARGET = 16.2;
				MARKETING_VERSION = 1.0;
				PRODUCT_BUNDLE_IDENTIFIER = MarkelJM.WellConnectLiveTests;
				PRODUCT_NAME = "$(TARGET_NAME)";
				SWIFT_EMIT_LOC_STRINGS = NO;
				SWIFT_VERSION = 5.0;
				TARGETED_DEVICE_FAMILY = "1,2";
				TEST_HOST = "$(BUILT_PRODUCTS_DIR)/WellConnectLive.app/$(BUNDLE_EXECUTABLE_FOLDER_PATH)/WellConnectLive";
			};
			name = Release;
		};
		D3CB902A2A7124AF0047BE0E /* Debug */ = {
			isa = XCBuildConfiguration;
			buildSettings = {
				ALWAYS_EMBED_SWIFT_STANDARD_LIBRARIES = YES;
				CODE_SIGN_STYLE = Automatic;
				CURRENT_PROJECT_VERSION = 1;
				GENERATE_INFOPLIST_FILE = YES;
				MARKETING_VERSION = 1.0;
				PRODUCT_BUNDLE_IDENTIFIER = MarkelJM.WellConnectLiveUITests;
				PRODUCT_NAME = "$(TARGET_NAME)";
				SWIFT_EMIT_LOC_STRINGS = NO;
				SWIFT_VERSION = 5.0;
				TARGETED_DEVICE_FAMILY = "1,2";
				TEST_TARGET_NAME = WellConnectLive;
			};
			name = Debug;
		};
		D3CB902B2A7124AF0047BE0E /* Release */ = {
			isa = XCBuildConfiguration;
			buildSettings = {
				ALWAYS_EMBED_SWIFT_STANDARD_LIBRARIES = YES;
				CODE_SIGN_STYLE = Automatic;
				CURRENT_PROJECT_VERSION = 1;
				GENERATE_INFOPLIST_FILE = YES;
				MARKETING_VERSION = 1.0;
				PRODUCT_BUNDLE_IDENTIFIER = MarkelJM.WellConnectLiveUITests;
				PRODUCT_NAME = "$(TARGET_NAME)";
				SWIFT_EMIT_LOC_STRINGS = NO;
				SWIFT_VERSION = 5.0;
				TARGETED_DEVICE_FAMILY = "1,2";
				TEST_TARGET_NAME = WellConnectLive;
			};
			name = Release;
		};
/* End XCBuildConfiguration section */

/* Begin XCConfigurationList section */
		D3CB8FF52A7124AE0047BE0E /* Build configuration list for PBXProject "WellConnectLive" */ = {
			isa = XCConfigurationList;
			buildConfigurations = (
				D3CB90212A7124AF0047BE0E /* Debug */,
				D3CB90222A7124AF0047BE0E /* Release */,
			);
			defaultConfigurationIsVisible = 0;
			defaultConfigurationName = Release;
		};
		D3CB90232A7124AF0047BE0E /* Build configuration list for PBXNativeTarget "WellConnectLive" */ = {
			isa = XCConfigurationList;
			buildConfigurations = (
				D3CB90242A7124AF0047BE0E /* Debug */,
				D3CB90252A7124AF0047BE0E /* Release */,
			);
			defaultConfigurationIsVisible = 0;
			defaultConfigurationName = Release;
		};
		D3CB90262A7124AF0047BE0E /* Build configuration list for PBXNativeTarget "WellConnectLiveTests" */ = {
			isa = XCConfigurationList;
			buildConfigurations = (
				D3CB90272A7124AF0047BE0E /* Debug */,
				D3CB90282A7124AF0047BE0E /* Release */,
			);
			defaultConfigurationIsVisible = 0;
			defaultConfigurationName = Release;
		};
		D3CB90292A7124AF0047BE0E /* Build configuration list for PBXNativeTarget "WellConnectLiveUITests" */ = {
			isa = XCConfigurationList;
			buildConfigurations = (
				D3CB902A2A7124AF0047BE0E /* Debug */,
				D3CB902B2A7124AF0047BE0E /* Release */,
			);
			defaultConfigurationIsVisible = 0;
			defaultConfigurationName = Release;
		};
/* End XCConfigurationList section */

/* Begin XCRemoteSwiftPackageReference section */
		D6D125B12A72C06C00F699D5 /* XCRemoteSwiftPackageReference "firebase-ios-sdk" */ = {
			isa = XCRemoteSwiftPackageReference;
			repositoryURL = "https://github.com/firebase/firebase-ios-sdk";
			requirement = {
				kind = upToNextMajorVersion;
				minimumVersion = 9.0.0;
			};
		};
/* End XCRemoteSwiftPackageReference section */

/* Begin XCSwiftPackageProductDependency section */
		D6D125B22A72C06C00F699D5 /* FirebaseAnalytics */ = {
			isa = XCSwiftPackageProductDependency;
			package = D6D125B12A72C06C00F699D5 /* XCRemoteSwiftPackageReference "firebase-ios-sdk" */;
			productName = FirebaseAnalytics;
		};
		D6D125B42A72C06C00F699D5 /* FirebaseAnalyticsOnDeviceConversion */ = {
			isa = XCSwiftPackageProductDependency;
			package = D6D125B12A72C06C00F699D5 /* XCRemoteSwiftPackageReference "firebase-ios-sdk" */;
			productName = FirebaseAnalyticsOnDeviceConversion;
		};
		D6D125B62A72C06C00F699D5 /* FirebaseAnalyticsSwift */ = {
			isa = XCSwiftPackageProductDependency;
			package = D6D125B12A72C06C00F699D5 /* XCRemoteSwiftPackageReference "firebase-ios-sdk" */;
			productName = FirebaseAnalyticsSwift;
		};
		D6D125B82A72C06C00F699D5 /* FirebaseAnalyticsWithoutAdIdSupport */ = {
			isa = XCSwiftPackageProductDependency;
			package = D6D125B12A72C06C00F699D5 /* XCRemoteSwiftPackageReference "firebase-ios-sdk" */;
			productName = FirebaseAnalyticsWithoutAdIdSupport;
		};
		D6D125BA2A72C06C00F699D5 /* FirebaseAppCheck */ = {
			isa = XCSwiftPackageProductDependency;
			package = D6D125B12A72C06C00F699D5 /* XCRemoteSwiftPackageReference "firebase-ios-sdk" */;
			productName = FirebaseAppCheck;
		};
		D6D125BC2A72C06C00F699D5 /* FirebaseAppDistribution-Beta */ = {
			isa = XCSwiftPackageProductDependency;
			package = D6D125B12A72C06C00F699D5 /* XCRemoteSwiftPackageReference "firebase-ios-sdk" */;
			productName = "FirebaseAppDistribution-Beta";
		};
		D6D125BE2A72C06C00F699D5 /* FirebaseAuth */ = {
			isa = XCSwiftPackageProductDependency;
			package = D6D125B12A72C06C00F699D5 /* XCRemoteSwiftPackageReference "firebase-ios-sdk" */;
			productName = FirebaseAuth;
		};
		D6D125C02A72C06C00F699D5 /* FirebaseCrashlytics */ = {
			isa = XCSwiftPackageProductDependency;
			package = D6D125B12A72C06C00F699D5 /* XCRemoteSwiftPackageReference "firebase-ios-sdk" */;
			productName = FirebaseCrashlytics;
		};
		D6D125C22A72C06C00F699D5 /* FirebaseDatabase */ = {
			isa = XCSwiftPackageProductDependency;
			package = D6D125B12A72C06C00F699D5 /* XCRemoteSwiftPackageReference "firebase-ios-sdk" */;
			productName = FirebaseDatabase;
		};
		D6D125C42A72C06C00F699D5 /* FirebaseDatabaseSwift */ = {
			isa = XCSwiftPackageProductDependency;
			package = D6D125B12A72C06C00F699D5 /* XCRemoteSwiftPackageReference "firebase-ios-sdk" */;
			productName = FirebaseDatabaseSwift;
		};
		D6D125C62A72C06C00F699D5 /* FirebaseDynamicLinks */ = {
			isa = XCSwiftPackageProductDependency;
			package = D6D125B12A72C06C00F699D5 /* XCRemoteSwiftPackageReference "firebase-ios-sdk" */;
			productName = FirebaseDynamicLinks;
		};
		D6D125C82A72C06C00F699D5 /* FirebaseFirestore */ = {
			isa = XCSwiftPackageProductDependency;
			package = D6D125B12A72C06C00F699D5 /* XCRemoteSwiftPackageReference "firebase-ios-sdk" */;
			productName = FirebaseFirestore;
		};
		D6D125CA2A72C06C00F699D5 /* FirebaseFirestoreCombine-Community */ = {
			isa = XCSwiftPackageProductDependency;
			package = D6D125B12A72C06C00F699D5 /* XCRemoteSwiftPackageReference "firebase-ios-sdk" */;
			productName = "FirebaseFirestoreCombine-Community";
		};
		D6D125CC2A72C06C00F699D5 /* FirebaseFirestoreSwift */ = {
			isa = XCSwiftPackageProductDependency;
			package = D6D125B12A72C06C00F699D5 /* XCRemoteSwiftPackageReference "firebase-ios-sdk" */;
			productName = FirebaseFirestoreSwift;
		};
		D6D125CE2A72C06C00F699D5 /* FirebaseFunctions */ = {
			isa = XCSwiftPackageProductDependency;
			package = D6D125B12A72C06C00F699D5 /* XCRemoteSwiftPackageReference "firebase-ios-sdk" */;
			productName = FirebaseFunctions;
		};
		D6D125D02A72C06C00F699D5 /* FirebaseFunctionsCombine-Community */ = {
			isa = XCSwiftPackageProductDependency;
			package = D6D125B12A72C06C00F699D5 /* XCRemoteSwiftPackageReference "firebase-ios-sdk" */;
			productName = "FirebaseFunctionsCombine-Community";
		};
		D6D125D22A72C06C00F699D5 /* FirebaseInAppMessaging-Beta */ = {
			isa = XCSwiftPackageProductDependency;
			package = D6D125B12A72C06C00F699D5 /* XCRemoteSwiftPackageReference "firebase-ios-sdk" */;
			productName = "FirebaseInAppMessaging-Beta";
		};
		D6D125D42A72C06C00F699D5 /* FirebaseInAppMessagingSwift-Beta */ = {
			isa = XCSwiftPackageProductDependency;
			package = D6D125B12A72C06C00F699D5 /* XCRemoteSwiftPackageReference "firebase-ios-sdk" */;
			productName = "FirebaseInAppMessagingSwift-Beta";
		};
		D6D125D62A72C06C00F699D5 /* FirebaseInstallations */ = {
			isa = XCSwiftPackageProductDependency;
			package = D6D125B12A72C06C00F699D5 /* XCRemoteSwiftPackageReference "firebase-ios-sdk" */;
			productName = FirebaseInstallations;
		};
		D6D125D82A72C06C00F699D5 /* FirebaseMLModelDownloader */ = {
			isa = XCSwiftPackageProductDependency;
			package = D6D125B12A72C06C00F699D5 /* XCRemoteSwiftPackageReference "firebase-ios-sdk" */;
			productName = FirebaseMLModelDownloader;
		};
		D6D125DA2A72C06C00F699D5 /* FirebaseMessaging */ = {
			isa = XCSwiftPackageProductDependency;
			package = D6D125B12A72C06C00F699D5 /* XCRemoteSwiftPackageReference "firebase-ios-sdk" */;
			productName = FirebaseMessaging;
		};
		D6D125DC2A72C06C00F699D5 /* FirebasePerformance */ = {
			isa = XCSwiftPackageProductDependency;
			package = D6D125B12A72C06C00F699D5 /* XCRemoteSwiftPackageReference "firebase-ios-sdk" */;
			productName = FirebasePerformance;
		};
		D6D125DE2A72C06C00F699D5 /* FirebaseRemoteConfig */ = {
			isa = XCSwiftPackageProductDependency;
			package = D6D125B12A72C06C00F699D5 /* XCRemoteSwiftPackageReference "firebase-ios-sdk" */;
			productName = FirebaseRemoteConfig;
		};
		D6D125E02A72C06C00F699D5 /* FirebaseRemoteConfigSwift */ = {
			isa = XCSwiftPackageProductDependency;
			package = D6D125B12A72C06C00F699D5 /* XCRemoteSwiftPackageReference "firebase-ios-sdk" */;
			productName = FirebaseRemoteConfigSwift;
		};
		D6D125E22A72C06C00F699D5 /* FirebaseStorage */ = {
			isa = XCSwiftPackageProductDependency;
			package = D6D125B12A72C06C00F699D5 /* XCRemoteSwiftPackageReference "firebase-ios-sdk" */;
			productName = FirebaseStorage;
		};
		D6D125E42A72C06C00F699D5 /* FirebaseStorageCombine-Community */ = {
			isa = XCSwiftPackageProductDependency;
			package = D6D125B12A72C06C00F699D5 /* XCRemoteSwiftPackageReference "firebase-ios-sdk" */;
			productName = "FirebaseStorageCombine-Community";
		};
/* End XCSwiftPackageProductDependency section */

/* Begin XCVersionGroup section */
		D3CB90082A7124AE0047BE0E /* WellConnectLive.xcdatamodeld */ = {
			isa = XCVersionGroup;
			children = (
				D3CB90092A7124AE0047BE0E /* WellConnectLive.xcdatamodel */,
			);
			currentVersion = D3CB90092A7124AE0047BE0E /* WellConnectLive.xcdatamodel */;
			path = WellConnectLive.xcdatamodeld;
			sourceTree = "<group>";
			versionGroupType = wrapper.xcdatamodel;
		};
/* End XCVersionGroup section */
	};
	rootObject = D3CB8FF22A7124AE0047BE0E /* Project object */;
}
